[[package]]
category = "dev"
description = "Codespell"
name = "codespell"
optional = false
python-versions = ">=3.5"
version = "2.0.0"

[package.extras]
dev = ["check-manifest", "flake8", "pytest", "pytest-cov", "pytest-dependency"]
hard-encoding-detection = ["chardet"]

[metadata]
content-hash = "04bfba866bc7b58afdfc851fc8ec7e13967445b6124f0a03e78e8fdedd70c6e3"
lock-version = "1.0"
python-versions = "^3.8"

[metadata.files]
codespell = [
    {file = "codespell-2.0.0-py3-none-any.whl", hash = "sha256:a10b8bbb9f678e4edff7877af1f654fdc9e27c205f952c3ddee2981ad02ec5f2"},
    {file = "codespell-2.0.0.tar.gz", hash = "sha256:dd9983e096b9f7ba89dd2d2466d1fc37231d060f19066331b9571341363c77b8"},
]
